
Microsoft Visual Studio Solution File, Format Version 12.00
# Visual Studio Version 17
VisualStudioVersion = 17.0.31912.275
MinimumVisualStudioVersion = 10.0.40219.1
Project("{FAE04EC0-301F-11D3-BF4B-00C04F79EFBC}") = "OpenWeather", "OpenWeather\OpenWeather.csproj", "{E2DC43A6-4C5D-4636-B510-6B502139A54C}"
EndProject
Global
	GlobalSection(SolutionConfigurationPlatforms) = preSolution
		Debug|Any CPU = Debug|Any CPU
		Release|Any CPU = Release|Any CPU
	EndGlobalSection
	GlobalSection(ProjectConfigurationPlatforms) = postSolution
		{E2DC43A6-4C5D-4636-B510-6B502139A54C}.Debug|Any CPU.ActiveCfg = Debug|Any CPU
		{E2DC43A6-4C5D-4636-B510-6B502139A54C}.Debug|Any CPU.Build.0 = Debug|Any CPU
		{E2DC43A6-4C5D-4636-B510-6B502139A54C}.Release|Any CPU.ActiveCfg = Release|Any CPU
		{E2DC43A6-4C5D-4636-B510-6B502139A54C}.Release|Any CPU.Build.0 = Release|Any CPU
	EndGlobalSection
	GlobalSection(SolutionProperties) = preSolution
		HideSolutionNode = FALSE
	EndGlobalSection
	GlobalSection(ExtensibilityGlobals) = postSolution
		SolutionGuid = {3BB50A52-E6C5-49DF-BA11-42DEA9EA0BAF}
	EndGlobalSection
EndGlobal
